{
    "name": "ruby",
    "version": "0.0.0",
    "lockfileVersion": 3,
    "requires": true,
    "packages": {
        "": {
            "name": "ruby",
            "version": "0.0.0",
            "dependencies": {
                "lodash-extension": "file:../lodash-extension"
            }
        },
        "../lodash-extension": {
            "version": "0.0.0"
        },
        "node_modules/lodash-extension": {
            "resolved": "../lodash-extension",
            "link": true
        }
    }
}
